// !$*UTF8*$!
{
	archiveVersion = 1;
	classes = {
	};
	objectVersion = 46;
	objects = {

/* Begin PBXBuildFile section */
		F40175021CD506C800F27461 /* UIView+ShadowView.swift in Sources */ = {isa = PBXBuildFile; fileRef = F40175011CD506C800F27461 /* UIView+ShadowView.swift */; };
		F40175051CD618A500F27461 /* AddTaskVC.swift in Sources */ = {isa = PBXBuildFile; fileRef = F40175041CD618A500F27461 /* AddTaskVC.swift */; };
		F401750A1CD620B700F27461 /* NotoSansCJKtc-Medium.otf in Resources */ = {isa = PBXBuildFile; fileRef = F40175071CD620B700F27461 /* NotoSansCJKtc-Medium.otf */; };
		F401750B1CD620B700F27461 /* NotoSansCJKtc-Regular.otf in Resources */ = {isa = PBXBuildFile; fileRef = F40175081CD620B700F27461 /* NotoSansCJKtc-Regular.otf */; };
		F401750C1CD620B700F27461 /* NotoSansCJKtc-Thin.otf in Resources */ = {isa = PBXBuildFile; fileRef = F40175091CD620B700F27461 /* NotoSansCJKtc-Thin.otf */; };
		F401750F1CD62DF700F27461 /* TaskTableViewCell.swift in Sources */ = {isa = PBXBuildFile; fileRef = F401750D1CD62DF700F27461 /* TaskTableViewCell.swift */; };
		F40175101CD62DF700F27461 /* TaskTableViewCell.xib in Resources */ = {isa = PBXBuildFile; fileRef = F401750E1CD62DF700F27461 /* TaskTableViewCell.xib */; };
		F4221A4F1CEADE73001735B9 /* cell_test_photo.png in Resources */ = {isa = PBXBuildFile; fileRef = F4221A4E1CEADE73001735B9 /* cell_test_photo.png */; };
		F448E86C1CF3851200B2B993 /* Page+CoreDataProperties.swift in Sources */ = {isa = PBXBuildFile; fileRef = F448E86A1CF3851200B2B993 /* Page+CoreDataProperties.swift */; };
		F448E86D1CF3851200B2B993 /* Page.swift in Sources */ = {isa = PBXBuildFile; fileRef = F448E86B1CF3851200B2B993 /* Page.swift */; };
		F44CCCBC1D07B7B6003167D4 /* UIViewController+Alert.swift in Sources */ = {isa = PBXBuildFile; fileRef = F44CCCBB1D07B7B6003167D4 /* UIViewController+Alert.swift */; };
		F45FB5541CD266F7006510CF /* AppDelegate.swift in Sources */ = {isa = PBXBuildFile; fileRef = F45FB5531CD266F7006510CF /* AppDelegate.swift */; };
		F45FB5561CD266F7006510CF /* HomeVC.swift in Sources */ = {isa = PBXBuildFile; fileRef = F45FB5551CD266F7006510CF /* HomeVC.swift */; };
		F45FB5591CD266F7006510CF /* Main.storyboard in Resources */ = {isa = PBXBuildFile; fileRef = F45FB5571CD266F7006510CF /* Main.storyboard */; };
		F45FB55C1CD266F7006510CF /* DailyList.xcdatamodeld in Sources */ = {isa = PBXBuildFile; fileRef = F45FB55A1CD266F7006510CF /* DailyList.xcdatamodeld */; };
		F45FB55E1CD266F7006510CF /* Assets.xcassets in Resources */ = {isa = PBXBuildFile; fileRef = F45FB55D1CD266F7006510CF /* Assets.xcassets */; };
		F45FB5611CD266F7006510CF /* LaunchScreen.storyboard in Resources */ = {isa = PBXBuildFile; fileRef = F45FB55F1CD266F7006510CF /* LaunchScreen.storyboard */; };
		F45FB56C1CD266F7006510CF /* DailyListTests.swift in Sources */ = {isa = PBXBuildFile; fileRef = F45FB56B1CD266F7006510CF /* DailyListTests.swift */; };
		F45FB5771CD266F7006510CF /* DailyListUITests.swift in Sources */ = {isa = PBXBuildFile; fileRef = F45FB5761CD266F7006510CF /* DailyListUITests.swift */; };
		F45FB58F1CD2675E006510CF /* UIColor+hex.swift in Sources */ = {isa = PBXBuildFile; fileRef = F45FB58D1CD2675E006510CF /* UIColor+hex.swift */; };
		F45FB5901CD2675E006510CF /* UIView+RoundingCorners.swift in Sources */ = {isa = PBXBuildFile; fileRef = F45FB58E1CD2675E006510CF /* UIView+RoundingCorners.swift */; };
		F45FB5921CD26765006510CF /* LGHorizontalLinearFlowLayout.swift in Sources */ = {isa = PBXBuildFile; fileRef = F45FB5911CD26765006510CF /* LGHorizontalLinearFlowLayout.swift */; };
		F45FB5971CD267B0006510CF /* CustomColors.swift in Sources */ = {isa = PBXBuildFile; fileRef = F45FB5951CD267B0006510CF /* CustomColors.swift */; };
		F45FB5981CD267B0006510CF /* DateCenter.swift in Sources */ = {isa = PBXBuildFile; fileRef = F45FB5961CD267B0006510CF /* DateCenter.swift */; };
		F45FB5AD1CD2681B006510CF /* Additions.swift in Sources */ = {isa = PBXBuildFile; fileRef = F45FB59A1CD2681B006510CF /* Additions.swift */; };
		F45FB5AE1CD2681B006510CF /* DateInRegion.swift in Sources */ = {isa = PBXBuildFile; fileRef = F45FB59B1CD2681B006510CF /* DateInRegion.swift */; };
		F45FB5AF1CD2681B006510CF /* DateInRegion+Comparisons.swift in Sources */ = {isa = PBXBuildFile; fileRef = F45FB59C1CD2681B006510CF /* DateInRegion+Comparisons.swift */; };
		F45FB5B01CD2681B006510CF /* DateInRegion+Components.swift in Sources */ = {isa = PBXBuildFile; fileRef = F45FB59D1CD2681B006510CF /* DateInRegion+Components.swift */; };
		F45FB5B11CD2681B006510CF /* DateInRegion+Equations.swift in Sources */ = {isa = PBXBuildFile; fileRef = F45FB59E1CD2681B006510CF /* DateInRegion+Equations.swift */; };
		F45FB5B21CD2681B006510CF /* DateInRegion+Formatter.swift in Sources */ = {isa = PBXBuildFile; fileRef = F45FB59F1CD2681B006510CF /* DateInRegion+Formatter.swift */; };
		F45FB5B31CD2681B006510CF /* DateInRegion+NSDatePort.swift in Sources */ = {isa = PBXBuildFile; fileRef = F45FB5A01CD2681B006510CF /* DateInRegion+NSDatePort.swift */; };
		F45FB5B41CD2681B006510CF /* DateInRegion+Operations.swift in Sources */ = {isa = PBXBuildFile; fileRef = F45FB5A11CD2681B006510CF /* DateInRegion+Operations.swift */; };
		F45FB5B51CD2681B006510CF /* DateInRegion+StartEnd.swift in Sources */ = {isa = PBXBuildFile; fileRef = F45FB5A21CD2681B006510CF /* DateInRegion+StartEnd.swift */; };
		F45FB5B61CD2681B006510CF /* Dictionary+SwiftDate.swift in Sources */ = {isa = PBXBuildFile; fileRef = F45FB5A31CD2681B006510CF /* Dictionary+SwiftDate.swift */; };
		F45FB5B71CD2681B006510CF /* NSCalendar+SwiftDate.swift in Sources */ = {isa = PBXBuildFile; fileRef = F45FB5A41CD2681B006510CF /* NSCalendar+SwiftDate.swift */; };
		F45FB5B81CD2681B006510CF /* NSDate+SwiftDate.swift in Sources */ = {isa = PBXBuildFile; fileRef = F45FB5A51CD2681B006510CF /* NSDate+SwiftDate.swift */; };
		F45FB5B91CD2681B006510CF /* NSDateComponents+SwiftDate.swift in Sources */ = {isa = PBXBuildFile; fileRef = F45FB5A61CD2681B006510CF /* NSDateComponents+SwiftDate.swift */; };
		F45FB5BA1CD2681B006510CF /* NSDateFormatter+SwiftDate.swift in Sources */ = {isa = PBXBuildFile; fileRef = F45FB5A71CD2681B006510CF /* NSDateFormatter+SwiftDate.swift */; };
		F45FB5BB1CD2681B006510CF /* NSDateInterval.swift in Sources */ = {isa = PBXBuildFile; fileRef = F45FB5A81CD2681B006510CF /* NSDateInterval.swift */; };
		F45FB5BC1CD2681B006510CF /* NSLocale+SwiftDate.swift in Sources */ = {isa = PBXBuildFile; fileRef = F45FB5A91CD2681B006510CF /* NSLocale+SwiftDate.swift */; };
		F45FB5BD1CD2681B006510CF /* NSTimeInterval+SwiftDate.swift in Sources */ = {isa = PBXBuildFile; fileRef = F45FB5AA1CD2681B006510CF /* NSTimeInterval+SwiftDate.swift */; };
		F45FB5BE1CD2681B006510CF /* NSTimeZone+SwiftDate.swift in Sources */ = {isa = PBXBuildFile; fileRef = F45FB5AB1CD2681B006510CF /* NSTimeZone+SwiftDate.swift */; };
		F45FB5BF1CD2681B006510CF /* Region.swift in Sources */ = {isa = PBXBuildFile; fileRef = F45FB5AC1CD2681B006510CF /* Region.swift */; };
		F45FB5C61CD26866006510CF /* HomeCollectionViewCell.swift in Sources */ = {isa = PBXBuildFile; fileRef = F45FB5C41CD26866006510CF /* HomeCollectionViewCell.swift */; };
		F45FB5C71CD26866006510CF /* HomeCollectionViewCell.xib in Resources */ = {isa = PBXBuildFile; fileRef = F45FB5C51CD26866006510CF /* HomeCollectionViewCell.xib */; };
		F4DEC7B41CF0BB6B00828D06 /* PageItem+CoreDataProperties.swift in Sources */ = {isa = PBXBuildFile; fileRef = F4DEC7B01CF0BB6B00828D06 /* PageItem+CoreDataProperties.swift */; };
		F4DEC7B51CF0BB6B00828D06 /* PageItem.swift in Sources */ = {isa = PBXBuildFile; fileRef = F4DEC7B11CF0BB6B00828D06 /* PageItem.swift */; };
		F4DEC7C31CF2C7B800828D06 /* CurrentDate.swift in Sources */ = {isa = PBXBuildFile; fileRef = F4DEC7C21CF2C7B800828D06 /* CurrentDate.swift */; };
		F4E217D01CE4F1B50025F361 /* CircleDateCollectionCell.xib in Resources */ = {isa = PBXBuildFile; fileRef = F4E217CF1CE4F1B50025F361 /* CircleDateCollectionCell.xib */; };
		F4E217D21CE4F1D80025F361 /* CircleDateCollectionCell.swift in Sources */ = {isa = PBXBuildFile; fileRef = F4E217D11CE4F1D80025F361 /* CircleDateCollectionCell.swift */; };
		F4E217D41CE587160025F361 /* CircleDateFlowLayout.swift in Sources */ = {isa = PBXBuildFile; fileRef = F4E217D31CE587160025F361 /* CircleDateFlowLayout.swift */; };
		F4E217DA1CE590B50025F361 /* QuartzCore.framework in Frameworks */ = {isa = PBXBuildFile; fileRef = F4E217D91CE590B50025F361 /* QuartzCore.framework */; };
		F4E217E11CE5B73F0025F361 /* empty_photo1.png in Resources */ = {isa = PBXBuildFile; fileRef = F4E217DB1CE5B73F0025F361 /* empty_photo1.png */; };
		F4E217E21CE5B73F0025F361 /* empty_photo2.png in Resources */ = {isa = PBXBuildFile; fileRef = F4E217DC1CE5B73F0025F361 /* empty_photo2.png */; };
		F4E217E31CE5B73F0025F361 /* empty_photo3.png in Resources */ = {isa = PBXBuildFile; fileRef = F4E217DD1CE5B73F0025F361 /* empty_photo3.png */; };
		F4E217E41CE5B73F0025F361 /* empty_photo4.png in Resources */ = {isa = PBXBuildFile; fileRef = F4E217DE1CE5B73F0025F361 /* empty_photo4.png */; };
		F4E217E51CE5B73F0025F361 /* empty_photo5.png in Resources */ = {isa = PBXBuildFile; fileRef = F4E217DF1CE5B73F0025F361 /* empty_photo5.png */; };
		F4E217E61CE5B73F0025F361 /* empty_photo6.png in Resources */ = {isa = PBXBuildFile; fileRef = F4E217E01CE5B73F0025F361 /* empty_photo6.png */; };
		F4E2180C1CE8F0DF0025F361 /* AsyncButton.swift in Sources */ = {isa = PBXBuildFile; fileRef = F4E217EE1CE8F0DF0025F361 /* AsyncButton.swift */; };
		F4E2180D1CE8F0DF0025F361 /* AsyncImageView.swift in Sources */ = {isa = PBXBuildFile; fileRef = F4E217EF1CE8F0DF0025F361 /* AsyncImageView.swift */; };
		F4E2180E1CE8F0DF0025F361 /* AutoTextView.swift in Sources */ = {isa = PBXBuildFile; fileRef = F4E217F01CE8F0DF0025F361 /* AutoTextView.swift */; };
		F4E2180F1CE8F0DF0025F361 /* BlurView.swift in Sources */ = {isa = PBXBuildFile; fileRef = F4E217F11CE8F0DF0025F361 /* BlurView.swift */; };
		F4E218101CE8F0DF0025F361 /* DesignableButton.swift in Sources */ = {isa = PBXBuildFile; fileRef = F4E217F21CE8F0DF0025F361 /* DesignableButton.swift */; };
		F4E218111CE8F0DF0025F361 /* DesignableImageView.swift in Sources */ = {isa = PBXBuildFile; fileRef = F4E217F31CE8F0DF0025F361 /* DesignableImageView.swift */; };
		F4E218121CE8F0DF0025F361 /* DesignableLabel.swift in Sources */ = {isa = PBXBuildFile; fileRef = F4E217F41CE8F0DF0025F361 /* DesignableLabel.swift */; };
		F4E218131CE8F0DF0025F361 /* DesignableTabBarController.swift in Sources */ = {isa = PBXBuildFile; fileRef = F4E217F51CE8F0DF0025F361 /* DesignableTabBarController.swift */; };
		F4E218141CE8F0DF0025F361 /* DesignableTextField.swift in Sources */ = {isa = PBXBuildFile; fileRef = F4E217F61CE8F0DF0025F361 /* DesignableTextField.swift */; };
		F4E218151CE8F0DF0025F361 /* DesignableTextView.swift in Sources */ = {isa = PBXBuildFile; fileRef = F4E217F71CE8F0DF0025F361 /* DesignableTextView.swift */; };
		F4E218161CE8F0DF0025F361 /* DesignableView.swift in Sources */ = {isa = PBXBuildFile; fileRef = F4E217F81CE8F0DF0025F361 /* DesignableView.swift */; };
		F4E218171CE8F0DF0025F361 /* ImageLoader.swift in Sources */ = {isa = PBXBuildFile; fileRef = F4E217F91CE8F0DF0025F361 /* ImageLoader.swift */; };
		F4E218181CE8F0DF0025F361 /* Info.plist in Resources */ = {isa = PBXBuildFile; fileRef = F4E217FA1CE8F0DF0025F361 /* Info.plist */; };
		F4E218191CE8F0DF0025F361 /* KeyboardLayoutConstraint.swift in Sources */ = {isa = PBXBuildFile; fileRef = F4E217FB1CE8F0DF0025F361 /* KeyboardLayoutConstraint.swift */; };
		F4E2181A1CE8F0DF0025F361 /* LoadingView.swift in Sources */ = {isa = PBXBuildFile; fileRef = F4E217FC1CE8F0DF0025F361 /* LoadingView.swift */; };
		F4E2181B1CE8F0DF0025F361 /* LoadingView.xib in Resources */ = {isa = PBXBuildFile; fileRef = F4E217FD1CE8F0DF0025F361 /* LoadingView.xib */; };
		F4E2181C1CE8F0DF0025F361 /* Misc.swift in Sources */ = {isa = PBXBuildFile; fileRef = F4E217FE1CE8F0DF0025F361 /* Misc.swift */; };
		F4E2181D1CE8F0DF0025F361 /* SoundPlayer.swift in Sources */ = {isa = PBXBuildFile; fileRef = F4E217FF1CE8F0DF0025F361 /* SoundPlayer.swift */; };
		F4E2181E1CE8F0DF0025F361 /* Spring.swift in Sources */ = {isa = PBXBuildFile; fileRef = F4E218011CE8F0DF0025F361 /* Spring.swift */; };
		F4E2181F1CE8F0DF0025F361 /* SpringAnimation.swift in Sources */ = {isa = PBXBuildFile; fileRef = F4E218021CE8F0DF0025F361 /* SpringAnimation.swift */; };
		F4E218201CE8F0DF0025F361 /* SpringButton.swift in Sources */ = {isa = PBXBuildFile; fileRef = F4E218031CE8F0DF0025F361 /* SpringButton.swift */; };
		F4E218211CE8F0DF0025F361 /* SpringImageView.swift in Sources */ = {isa = PBXBuildFile; fileRef = F4E218041CE8F0DF0025F361 /* SpringImageView.swift */; };
		F4E218221CE8F0DF0025F361 /* SpringLabel.swift in Sources */ = {isa = PBXBuildFile; fileRef = F4E218051CE8F0DF0025F361 /* SpringLabel.swift */; };
		F4E218231CE8F0DF0025F361 /* SpringTextField.swift in Sources */ = {isa = PBXBuildFile; fileRef = F4E218061CE8F0DF0025F361 /* SpringTextField.swift */; };
		F4E218241CE8F0DF0025F361 /* SpringTextView.swift in Sources */ = {isa = PBXBuildFile; fileRef = F4E218071CE8F0DF0025F361 /* SpringTextView.swift */; };
		F4E218251CE8F0DF0025F361 /* SpringView.swift in Sources */ = {isa = PBXBuildFile; fileRef = F4E218081CE8F0DF0025F361 /* SpringView.swift */; };
		F4E218261CE8F0DF0025F361 /* TransitionManager.swift in Sources */ = {isa = PBXBuildFile; fileRef = F4E218091CE8F0DF0025F361 /* TransitionManager.swift */; };
		F4E218271CE8F0DF0025F361 /* TransitionZoom.swift in Sources */ = {isa = PBXBuildFile; fileRef = F4E2180A1CE8F0DF0025F361 /* TransitionZoom.swift */; };
		F4E218281CE8F0DF0025F361 /* UnwindSegue.swift in Sources */ = {isa = PBXBuildFile; fileRef = F4E2180B1CE8F0DF0025F361 /* UnwindSegue.swift */; };
		F4E218331CE8FF810025F361 /* TPKeyboardAvoidingCollectionView.m in Sources */ = {isa = PBXBuildFile; fileRef = F4E2182C1CE8FF810025F361 /* TPKeyboardAvoidingCollectionView.m */; };
		F4E218341CE8FF810025F361 /* TPKeyboardAvoidingScrollView.m in Sources */ = {isa = PBXBuildFile; fileRef = F4E2182E1CE8FF810025F361 /* TPKeyboardAvoidingScrollView.m */; };
		F4E218351CE8FF810025F361 /* TPKeyboardAvoidingTableView.m in Sources */ = {isa = PBXBuildFile; fileRef = F4E218301CE8FF810025F361 /* TPKeyboardAvoidingTableView.m */; };
		F4E218361CE8FF810025F361 /* UIScrollView+TPKeyboardAvoidingAdditions.m in Sources */ = {isa = PBXBuildFile; fileRef = F4E218321CE8FF810025F361 /* UIScrollView+TPKeyboardAvoidingAdditions.m */; };
/* End PBXBuildFile section */

/* Begin PBXContainerItemProxy section */
		F45FB5681CD266F7006510CF /* PBXContainerItemProxy */ = {
			isa = PBXContainerItemProxy;
			containerPortal = F45FB5481CD266F7006510CF /* Project object */;
			proxyType = 1;
			remoteGlobalIDString = F45FB54F1CD266F7006510CF;
			remoteInfo = DailyList;
		};
		F45FB5731CD266F7006510CF /* PBXContainerItemProxy */ = {
			isa = PBXContainerItemProxy;
			containerPortal = F45FB5481CD266F7006510CF /* Project object */;
			proxyType = 1;
			remoteGlobalIDString = F45FB54F1CD266F7006510CF;
			remoteInfo = DailyList;
		};
/* End PBXContainerItemProxy section */

/* Begin PBXFileReference section */
		F40175011CD506C800F27461 /* UIView+ShadowView.swift */ = {isa = PBXFileReference; fileEncoding = 4; lastKnownFileType = sourcecode.swift; path = "UIView+ShadowView.swift"; sourceTree = "<group>"; };
		F40175041CD618A500F27461 /* AddTaskVC.swift */ = {isa = PBXFileReference; fileEncoding = 4; lastKnownFileType = sourcecode.swift; path = AddTaskVC.swift; sourceTree = "<group>"; };
		F40175071CD620B700F27461 /* NotoSansCJKtc-Medium.otf */ = {isa = PBXFileReference; lastKnownFileType = file; path = "NotoSansCJKtc-Medium.otf"; sourceTree = "<group>"; };
		F40175081CD620B700F27461 /* NotoSansCJKtc-Regular.otf */ = {isa = PBXFileReference; lastKnownFileType = file; path = "NotoSansCJKtc-Regular.otf"; sourceTree = "<group>"; };
		F40175091CD620B700F27461 /* NotoSansCJKtc-Thin.otf */ = {isa = PBXFileReference; lastKnownFileType = file; path = "NotoSansCJKtc-Thin.otf"; sourceTree = "<group>"; };
		F401750D1CD62DF700F27461 /* TaskTableViewCell.swift */ = {isa = PBXFileReference; fileEncoding = 4; lastKnownFileType = sourcecode.swift; path = TaskTableViewCell.swift; sourceTree = "<group>"; };
		F401750E1CD62DF700F27461 /* TaskTableViewCell.xib */ = {isa = PBXFileReference; fileEncoding = 4; lastKnownFileType = file.xib; path = TaskTableViewCell.xib; sourceTree = "<group>"; };
		F4221A4E1CEADE73001735B9 /* cell_test_photo.png */ = {isa = PBXFileReference; lastKnownFileType = image.png; path = cell_test_photo.png; sourceTree = "<group>"; };
		F448E86A1CF3851200B2B993 /* Page+CoreDataProperties.swift */ = {isa = PBXFileReference; fileEncoding = 4; lastKnownFileType = sourcecode.swift; path = "Page+CoreDataProperties.swift"; sourceTree = "<group>"; };
		F448E86B1CF3851200B2B993 /* Page.swift */ = {isa = PBXFileReference; fileEncoding = 4; lastKnownFileType = sourcecode.swift; path = Page.swift; sourceTree = "<group>"; };
		F44CCCBB1D07B7B6003167D4 /* UIViewController+Alert.swift */ = {isa = PBXFileReference; fileEncoding = 4; lastKnownFileType = sourcecode.swift; path = "UIViewController+Alert.swift"; sourceTree = "<group>"; };
		F45FB5501CD266F7006510CF /* DailyList.app */ = {isa = PBXFileReference; explicitFileType = wrapper.application; includeInIndex = 0; path = DailyList.app; sourceTree = BUILT_PRODUCTS_DIR; };
		F45FB5531CD266F7006510CF /* AppDelegate.swift */ = {isa = PBXFileReference; lastKnownFileType = sourcecode.swift; path = AppDelegate.swift; sourceTree = "<group>"; };
		F45FB5551CD266F7006510CF /* HomeVC.swift */ = {isa = PBXFileReference; lastKnownFileType = sourcecode.swift; path = HomeVC.swift; sourceTree = "<group>"; };
		F45FB5581CD266F7006510CF /* Base */ = {isa = PBXFileReference; lastKnownFileType = file.storyboard; name = Base; path = Base.lproj/Main.storyboard; sourceTree = "<group>"; };
		F45FB55B1CD266F7006510CF /* DailyList.xcdatamodel */ = {isa = PBXFileReference; lastKnownFileType = wrapper.xcdatamodel; path = DailyList.xcdatamodel; sourceTree = "<group>"; };
		F45FB55D1CD266F7006510CF /* Assets.xcassets */ = {isa = PBXFileReference; lastKnownFileType = folder.assetcatalog; path = Assets.xcassets; sourceTree = "<group>"; };
		F45FB5601CD266F7006510CF /* Base */ = {isa = PBXFileReference; lastKnownFileType = file.storyboard; name = Base; path = Base.lproj/LaunchScreen.storyboard; sourceTree = "<group>"; };
		F45FB5621CD266F7006510CF /* Info.plist */ = {isa = PBXFileReference; lastKnownFileType = text.plist.xml; path = Info.plist; sourceTree = "<group>"; };
		F45FB5671CD266F7006510CF /* DailyListTests.xctest */ = {isa = PBXFileReference; explicitFileType = wrapper.cfbundle; includeInIndex = 0; path = DailyListTests.xctest; sourceTree = BUILT_PRODUCTS_DIR; };
		F45FB56B1CD266F7006510CF /* DailyListTests.swift */ = {isa = PBXFileReference; lastKnownFileType = sourcecode.swift; path = DailyListTests.swift; sourceTree = "<group>"; };
		F45FB56D1CD266F7006510CF /* Info.plist */ = {isa = PBXFileReference; lastKnownFileType = text.plist.xml; path = Info.plist; sourceTree = "<group>"; };
		F45FB5721CD266F7006510CF /* DailyListUITests.xctest */ = {isa = PBXFileReference; explicitFileType = wrapper.cfbundle; includeInIndex = 0; path = DailyListUITests.xctest; sourceTree = BUILT_PRODUCTS_DIR; };
		F45FB5761CD266F7006510CF /* DailyListUITests.swift */ = {isa = PBXFileReference; lastKnownFileType = sourcecode.swift; path = DailyListUITests.swift; sourceTree = "<group>"; };
		F45FB5781CD266F7006510CF /* Info.plist */ = {isa = PBXFileReference; lastKnownFileType = text.plist.xml; path = Info.plist; sourceTree = "<group>"; };
		F45FB58D1CD2675E006510CF /* UIColor+hex.swift */ = {isa = PBXFileReference; fileEncoding = 4; lastKnownFileType = sourcecode.swift; path = "UIColor+hex.swift"; sourceTree = "<group>"; };
		F45FB58E1CD2675E006510CF /* UIView+RoundingCorners.swift */ = {isa = PBXFileReference; fileEncoding = 4; lastKnownFileType = sourcecode.swift; path = "UIView+RoundingCorners.swift"; sourceTree = "<group>"; };
		F45FB5911CD26765006510CF /* LGHorizontalLinearFlowLayout.swift */ = {isa = PBXFileReference; fileEncoding = 4; lastKnownFileType = sourcecode.swift; path = LGHorizontalLinearFlowLayout.swift; sourceTree = "<group>"; };
		F45FB5951CD267B0006510CF /* CustomColors.swift */ = {isa = PBXFileReference; fileEncoding = 4; lastKnownFileType = sourcecode.swift; path = CustomColors.swift; sourceTree = "<group>"; };
		F45FB5961CD267B0006510CF /* DateCenter.swift */ = {isa = PBXFileReference; fileEncoding = 4; lastKnownFileType = sourcecode.swift; path = DateCenter.swift; sourceTree = "<group>"; };
		F45FB59A1CD2681B006510CF /* Additions.swift */ = {isa = PBXFileReference; fileEncoding = 4; lastKnownFileType = sourcecode.swift; name = Additions.swift; path = Lib/SwiftDate/Additions.swift; sourceTree = "<group>"; };
		F45FB59B1CD2681B006510CF /* DateInRegion.swift */ = {isa = PBXFileReference; fileEncoding = 4; lastKnownFileType = sourcecode.swift; name = DateInRegion.swift; path = Lib/SwiftDate/DateInRegion.swift; sourceTree = "<group>"; };
		F45FB59C1CD2681B006510CF /* DateInRegion+Comparisons.swift */ = {isa = PBXFileReference; fileEncoding = 4; lastKnownFileType = sourcecode.swift; name = "DateInRegion+Comparisons.swift"; path = "Lib/SwiftDate/DateInRegion+Comparisons.swift"; sourceTree = "<group>"; };
		F45FB59D1CD2681B006510CF /* DateInRegion+Components.swift */ = {isa = PBXFileReference; fileEncoding = 4; lastKnownFileType = sourcecode.swift; name = "DateInRegion+Components.swift"; path = "Lib/SwiftDate/DateInRegion+Components.swift"; sourceTree = "<group>"; };
		F45FB59E1CD2681B006510CF /* DateInRegion+Equations.swift */ = {isa = PBXFileReference; fileEncoding = 4; lastKnownFileType = sourcecode.swift; name = "DateInRegion+Equations.swift"; path = "Lib/SwiftDate/DateInRegion+Equations.swift"; sourceTree = "<group>"; };
		F45FB59F1CD2681B006510CF /* DateInRegion+Formatter.swift */ = {isa = PBXFileReference; fileEncoding = 4; lastKnownFileType = sourcecode.swift; name = "DateInRegion+Formatter.swift"; path = "Lib/SwiftDate/DateInRegion+Formatter.swift"; sourceTree = "<group>"; };
		F45FB5A01CD2681B006510CF /* DateInRegion+NSDatePort.swift */ = {isa = PBXFileReference; fileEncoding = 4; lastKnownFileType = sourcecode.swift; name = "DateInRegion+NSDatePort.swift"; path = "Lib/SwiftDate/DateInRegion+NSDatePort.swift"; sourceTree = "<group>"; };
		F45FB5A11CD2681B006510CF /* DateInRegion+Operations.swift */ = {isa = PBXFileReference; fileEncoding = 4; lastKnownFileType = sourcecode.swift; name = "DateInRegion+Operations.swift"; path = "Lib/SwiftDate/DateInRegion+Operations.swift"; sourceTree = "<group>"; };
		F45FB5A21CD2681B006510CF /* DateInRegion+StartEnd.swift */ = {isa = PBXFileReference; fileEncoding = 4; lastKnownFileType = sourcecode.swift; name = "DateInRegion+StartEnd.swift"; path = "Lib/SwiftDate/DateInRegion+StartEnd.swift"; sourceTree = "<group>"; };
		F45FB5A31CD2681B006510CF /* Dictionary+SwiftDate.swift */ = {isa = PBXFileReference; fileEncoding = 4; lastKnownFileType = sourcecode.swift; name = "Dictionary+SwiftDate.swift"; path = "Lib/SwiftDate/Dictionary+SwiftDate.swift"; sourceTree = "<group>"; };
		F45FB5A41CD2681B006510CF /* NSCalendar+SwiftDate.swift */ = {isa = PBXFileReference; fileEncoding = 4; lastKnownFileType = sourcecode.swift; name = "NSCalendar+SwiftDate.swift"; path = "Lib/SwiftDate/NSCalendar+SwiftDate.swift"; sourceTree = "<group>"; };
		F45FB5A51CD2681B006510CF /* NSDate+SwiftDate.swift */ = {isa = PBXFileReference; fileEncoding = 4; lastKnownFileType = sourcecode.swift; name = "NSDate+SwiftDate.swift"; path = "Lib/SwiftDate/NSDate+SwiftDate.swift"; sourceTree = "<group>"; };
		F45FB5A61CD2681B006510CF /* NSDateComponents+SwiftDate.swift */ = {isa = PBXFileReference; fileEncoding = 4; lastKnownFileType = sourcecode.swift; name = "NSDateComponents+SwiftDate.swift"; path = "Lib/SwiftDate/NSDateComponents+SwiftDate.swift"; sourceTree = "<group>"; };
		F45FB5A71CD2681B006510CF /* NSDateFormatter+SwiftDate.swift */ = {isa = PBXFileReference; fileEncoding = 4; lastKnownFileType = sourcecode.swift; name = "NSDateFormatter+SwiftDate.swift"; path = "Lib/SwiftDate/NSDateFormatter+SwiftDate.swift"; sourceTree = "<group>"; };
		F45FB5A81CD2681B006510CF /* NSDateInterval.swift */ = {isa = PBXFileReference; fileEncoding = 4; lastKnownFileType = sourcecode.swift; name = NSDateInterval.swift; path = Lib/SwiftDate/NSDateInterval.swift; sourceTree = "<group>"; };
		F45FB5A91CD2681B006510CF /* NSLocale+SwiftDate.swift */ = {isa = PBXFileReference; fileEncoding = 4; lastKnownFileType = sourcecode.swift; name = "NSLocale+SwiftDate.swift"; path = "Lib/SwiftDate/NSLocale+SwiftDate.swift"; sourceTree = "<group>"; };
		F45FB5AA1CD2681B006510CF /* NSTimeInterval+SwiftDate.swift */ = {isa = PBXFileReference; fileEncoding = 4; lastKnownFileType = sourcecode.swift; name = "NSTimeInterval+SwiftDate.swift"; path = "Lib/SwiftDate/NSTimeInterval+SwiftDate.swift"; sourceTree = "<group>"; };
		F45FB5AB1CD2681B006510CF /* NSTimeZone+SwiftDate.swift */ = {isa = PBXFileReference; fileEncoding = 4; lastKnownFileType = sourcecode.swift; name = "NSTimeZone+SwiftDate.swift"; path = "Lib/SwiftDate/NSTimeZone+SwiftDate.swift"; sourceTree = "<group>"; };
		F45FB5AC1CD2681B006510CF /* Region.swift */ = {isa = PBXFileReference; fileEncoding = 4; lastKnownFileType = sourcecode.swift; name = Region.swift; path = Lib/SwiftDate/Region.swift; sourceTree = "<group>"; };
		F45FB5C41CD26866006510CF /* HomeCollectionViewCell.swift */ = {isa = PBXFileReference; fileEncoding = 4; lastKnownFileType = sourcecode.swift; path = HomeCollectionViewCell.swift; sourceTree = "<group>"; };
		F45FB5C51CD26866006510CF /* HomeCollectionViewCell.xib */ = {isa = PBXFileReference; fileEncoding = 4; lastKnownFileType = file.xib; path = HomeCollectionViewCell.xib; sourceTree = "<group>"; };
		F4DEC7B01CF0BB6B00828D06 /* PageItem+CoreDataProperties.swift */ = {isa = PBXFileReference; fileEncoding = 4; lastKnownFileType = sourcecode.swift; path = "PageItem+CoreDataProperties.swift"; sourceTree = "<group>"; };
		F4DEC7B11CF0BB6B00828D06 /* PageItem.swift */ = {isa = PBXFileReference; fileEncoding = 4; lastKnownFileType = sourcecode.swift; path = PageItem.swift; sourceTree = "<group>"; };
		F4DEC7C21CF2C7B800828D06 /* CurrentDate.swift */ = {isa = PBXFileReference; fileEncoding = 4; lastKnownFileType = sourcecode.swift; path = CurrentDate.swift; sourceTree = "<group>"; };
		F4E217CF1CE4F1B50025F361 /* CircleDateCollectionCell.xib */ = {isa = PBXFileReference; fileEncoding = 4; lastKnownFileType = file.xib; path = CircleDateCollectionCell.xib; sourceTree = "<group>"; };
		F4E217D11CE4F1D80025F361 /* CircleDateCollectionCell.swift */ = {isa = PBXFileReference; fileEncoding = 4; lastKnownFileType = sourcecode.swift; path = CircleDateCollectionCell.swift; sourceTree = "<group>"; };
		F4E217D31CE587160025F361 /* CircleDateFlowLayout.swift */ = {isa = PBXFileReference; fileEncoding = 4; lastKnownFileType = sourcecode.swift; path = CircleDateFlowLayout.swift; sourceTree = "<group>"; };
		F4E217D91CE590B50025F361 /* QuartzCore.framework */ = {isa = PBXFileReference; lastKnownFileType = wrapper.framework; name = QuartzCore.framework; path = System/Library/Frameworks/QuartzCore.framework; sourceTree = SDKROOT; };
		F4E217DB1CE5B73F0025F361 /* empty_photo1.png */ = {isa = PBXFileReference; lastKnownFileType = image.png; path = empty_photo1.png; sourceTree = "<group>"; };
		F4E217DC1CE5B73F0025F361 /* empty_photo2.png */ = {isa = PBXFileReference; lastKnownFileType = image.png; path = empty_photo2.png; sourceTree = "<group>"; };
		F4E217DD1CE5B73F0025F361 /* empty_photo3.png */ = {isa = PBXFileReference; lastKnownFileType = image.png; path = empty_photo3.png; sourceTree = "<group>"; };
		F4E217DE1CE5B73F0025F361 /* empty_photo4.png */ = {isa = PBXFileReference; lastKnownFileType = image.png; path = empty_photo4.png; sourceTree = "<group>"; };
		F4E217DF1CE5B73F0025F361 /* empty_photo5.png */ = {isa = PBXFileReference; lastKnownFileType = image.png; path = empty_photo5.png; sourceTree = "<group>"; };
		F4E217E01CE5B73F0025F361 /* empty_photo6.png */ = {isa = PBXFileReference; lastKnownFileType = image.png; path = empty_photo6.png; sourceTree = "<group>"; };
		F4E217EE1CE8F0DF0025F361 /* AsyncButton.swift */ = {isa = PBXFileReference; fileEncoding = 4; lastKnownFileType = sourcecode.swift; name = AsyncButton.swift; path = Lib/Spring/AsyncButton.swift; sourceTree = "<group>"; };
		F4E217EF1CE8F0DF0025F361 /* AsyncImageView.swift */ = {isa = PBXFileReference; fileEncoding = 4; lastKnownFileType = sourcecode.swift; name = AsyncImageView.swift; path = Lib/Spring/AsyncImageView.swift; sourceTree = "<group>"; };
		F4E217F01CE8F0DF0025F361 /* AutoTextView.swift */ = {isa = PBXFileReference; fileEncoding = 4; lastKnownFileType = sourcecode.swift; name = AutoTextView.swift; path = Lib/Spring/AutoTextView.swift; sourceTree = "<group>"; };
		F4E217F11CE8F0DF0025F361 /* BlurView.swift */ = {isa = PBXFileReference; fileEncoding = 4; lastKnownFileType = sourcecode.swift; name = BlurView.swift; path = Lib/Spring/BlurView.swift; sourceTree = "<group>"; };
		F4E217F21CE8F0DF0025F361 /* DesignableButton.swift */ = {isa = PBXFileReference; fileEncoding = 4; lastKnownFileType = sourcecode.swift; name = DesignableButton.swift; path = Lib/Spring/DesignableButton.swift; sourceTree = "<group>"; };
		F4E217F31CE8F0DF0025F361 /* DesignableImageView.swift */ = {isa = PBXFileReference; fileEncoding = 4; lastKnownFileType = sourcecode.swift; name = DesignableImageView.swift; path = Lib/Spring/DesignableImageView.swift; sourceTree = "<group>"; };
		F4E217F41CE8F0DF0025F361 /* DesignableLabel.swift */ = {isa = PBXFileReference; fileEncoding = 4; lastKnownFileType = sourcecode.swift; name = DesignableLabel.swift; path = Lib/Spring/DesignableLabel.swift; sourceTree = "<group>"; };
		F4E217F51CE8F0DF0025F361 /* DesignableTabBarController.swift */ = {isa = PBXFileReference; fileEncoding = 4; lastKnownFileType = sourcecode.swift; name = DesignableTabBarController.swift; path = Lib/Spring/DesignableTabBarController.swift; sourceTree = "<group>"; };
		F4E217F61CE8F0DF0025F361 /* DesignableTextField.swift */ = {isa = PBXFileReference; fileEncoding = 4; lastKnownFileType = sourcecode.swift; name = DesignableTextField.swift; path = Lib/Spring/DesignableTextField.swift; sourceTree = "<group>"; };
		F4E217F71CE8F0DF0025F361 /* DesignableTextView.swift */ = {isa = PBXFileReference; fileEncoding = 4; lastKnownFileType = sourcecode.swift; name = DesignableTextView.swift; path = Lib/Spring/DesignableTextView.swift; sourceTree = "<group>"; };
		F4E217F81CE8F0DF0025F361 /* DesignableView.swift */ = {isa = PBXFileReference; fileEncoding = 4; lastKnownFileType = sourcecode.swift; name = DesignableView.swift; path = Lib/Spring/DesignableView.swift; sourceTree = "<group>"; };
		F4E217F91CE8F0DF0025F361 /* ImageLoader.swift */ = {isa = PBXFileReference; fileEncoding = 4; lastKnownFileType = sourcecode.swift; name = ImageLoader.swift; path = Lib/Spring/ImageLoader.swift; sourceTree = "<group>"; };
		F4E217FA1CE8F0DF0025F361 /* Info.plist */ = {isa = PBXFileReference; fileEncoding = 4; lastKnownFileType = text.plist.xml; name = Info.plist; path = Lib/Spring/Info.plist; sourceTree = "<group>"; };
		F4E217FB1CE8F0DF0025F361 /* KeyboardLayoutConstraint.swift */ = {isa = PBXFileReference; fileEncoding = 4; lastKnownFileType = sourcecode.swift; name = KeyboardLayoutConstraint.swift; path = Lib/Spring/KeyboardLayoutConstraint.swift; sourceTree = "<group>"; };
		F4E217FC1CE8F0DF0025F361 /* LoadingView.swift */ = {isa = PBXFileReference; fileEncoding = 4; lastKnownFileType = sourcecode.swift; name = LoadingView.swift; path = Lib/Spring/LoadingView.swift; sourceTree = "<group>"; };
		F4E217FD1CE8F0DF0025F361 /* LoadingView.xib */ = {isa = PBXFileReference; fileEncoding = 4; lastKnownFileType = file.xib; name = LoadingView.xib; path = Lib/Spring/LoadingView.xib; sourceTree = "<group>"; };
		F4E217FE1CE8F0DF0025F361 /* Misc.swift */ = {isa = PBXFileReference; fileEncoding = 4; lastKnownFileType = sourcecode.swift; name = Misc.swift; path = Lib/Spring/Misc.swift; sourceTree = "<group>"; };
		F4E217FF1CE8F0DF0025F361 /* SoundPlayer.swift */ = {isa = PBXFileReference; fileEncoding = 4; lastKnownFileType = sourcecode.swift; name = SoundPlayer.swift; path = Lib/Spring/SoundPlayer.swift; sourceTree = "<group>"; };
		F4E218001CE8F0DF0025F361 /* Spring.h */ = {isa = PBXFileReference; fileEncoding = 4; lastKnownFileType = sourcecode.c.h; name = Spring.h; path = Lib/Spring/Spring.h; sourceTree = "<group>"; };
		F4E218011CE8F0DF0025F361 /* Spring.swift */ = {isa = PBXFileReference; fileEncoding = 4; lastKnownFileType = sourcecode.swift; name = Spring.swift; path = Lib/Spring/Spring.swift; sourceTree = "<group>"; };
		F4E218021CE8F0DF0025F361 /* SpringAnimation.swift */ = {isa = PBXFileReference; fileEncoding = 4; lastKnownFileType = sourcecode.swift; name = SpringAnimation.swift; path = Lib/Spring/SpringAnimation.swift; sourceTree = "<group>"; };
		F4E218031CE8F0DF0025F361 /* SpringButton.swift */ = {isa = PBXFileReference; fileEncoding = 4; lastKnownFileType = sourcecode.swift; name = SpringButton.swift; path = Lib/Spring/SpringButton.swift; sourceTree = "<group>"; };
		F4E218041CE8F0DF0025F361 /* SpringImageView.swift */ = {isa = PBXFileReference; fileEncoding = 4; lastKnownFileType = sourcecode.swift; name = SpringImageView.swift; path = Lib/Spring/SpringImageView.swift; sourceTree = "<group>"; };
		F4E218051CE8F0DF0025F361 /* SpringLabel.swift */ = {isa = PBXFileReference; fileEncoding = 4; lastKnownFileType = sourcecode.swift; name = SpringLabel.swift; path = Lib/Spring/SpringLabel.swift; sourceTree = "<group>"; };
		F4E218061CE8F0DF0025F361 /* SpringTextField.swift */ = {isa = PBXFileReference; fileEncoding = 4; lastKnownFileType = sourcecode.swift; name = SpringTextField.swift; path = Lib/Spring/SpringTextField.swift; sourceTree = "<group>"; };
		F4E218071CE8F0DF0025F361 /* SpringTextView.swift */ = {isa = PBXFileReference; fileEncoding = 4; lastKnownFileType = sourcecode.swift; name = SpringTextView.swift; path = Lib/Spring/SpringTextView.swift; sourceTree = "<group>"; };
		F4E218081CE8F0DF0025F361 /* SpringView.swift */ = {isa = PBXFileReference; fileEncoding = 4; lastKnownFileType = sourcecode.swift; name = SpringView.swift; path = Lib/Spring/SpringView.swift; sourceTree = "<group>"; };
		F4E218091CE8F0DF0025F361 /* TransitionManager.swift */ = {isa = PBXFileReference; fileEncoding = 4; lastKnownFileType = sourcecode.swift; name = TransitionManager.swift; path = Lib/Spring/TransitionManager.swift; sourceTree = "<group>"; };
		F4E2180A1CE8F0DF0025F361 /* TransitionZoom.swift */ = {isa = PBXFileReference; fileEncoding = 4; lastKnownFileType = sourcecode.swift; name = TransitionZoom.swift; path = Lib/Spring/TransitionZoom.swift; sourceTree = "<group>"; };
		F4E2180B1CE8F0DF0025F361 /* UnwindSegue.swift */ = {isa = PBXFileReference; fileEncoding = 4; lastKnownFileType = sourcecode.swift; name = UnwindSegue.swift; path = Lib/Spring/UnwindSegue.swift; sourceTree = "<group>"; };
		F4E2182A1CE8FF800025F361 /* DailyList-Bridging-Header.h */ = {isa = PBXFileReference; lastKnownFileType = sourcecode.c.h; path = "DailyList-Bridging-Header.h"; sourceTree = "<group>"; };
		F4E2182B1CE8FF810025F361 /* TPKeyboardAvoidingCollectionView.h */ = {isa = PBXFileReference; fileEncoding = 4; lastKnownFileType = sourcecode.c.h; name = TPKeyboardAvoidingCollectionView.h; path = Lib/TPKeyboardAvoiding/TPKeyboardAvoidingCollectionView.h; sourceTree = "<group>"; };
		F4E2182C1CE8FF810025F361 /* TPKeyboardAvoidingCollectionView.m */ = {isa = PBXFileReference; fileEncoding = 4; lastKnownFileType = sourcecode.c.objc; name = TPKeyboardAvoidingCollectionView.m; path = Lib/TPKeyboardAvoiding/TPKeyboardAvoidingCollectionView.m; sourceTree = "<group>"; };
		F4E2182D1CE8FF810025F361 /* TPKeyboardAvoidingScrollView.h */ = {isa = PBXFileReference; fileEncoding = 4; lastKnownFileType = sourcecode.c.h; name = TPKeyboardAvoidingScrollView.h; path = Lib/TPKeyboardAvoiding/TPKeyboardAvoidingScrollView.h; sourceTree = "<group>"; };
		F4E2182E1CE8FF810025F361 /* TPKeyboardAvoidingScrollView.m */ = {isa = PBXFileReference; fileEncoding = 4; lastKnownFileType = sourcecode.c.objc; name = TPKeyboardAvoidingScrollView.m; path = Lib/TPKeyboardAvoiding/TPKeyboardAvoidingScrollView.m; sourceTree = "<group>"; };
		F4E2182F1CE8FF810025F361 /* TPKeyboardAvoidingTableView.h */ = {isa = PBXFileReference; fileEncoding = 4; lastKnownFileType = sourcecode.c.h; name = TPKeyboardAvoidingTableView.h; path = Lib/TPKeyboardAvoiding/TPKeyboardAvoidingTableView.h; sourceTree = "<group>"; };
		F4E218301CE8FF810025F361 /* TPKeyboardAvoidingTableView.m */ = {isa = PBXFileReference; fileEncoding = 4; lastKnownFileType = sourcecode.c.objc; name = TPKeyboardAvoidingTableView.m; path = Lib/TPKeyboardAvoiding/TPKeyboardAvoidingTableView.m; sourceTree = "<group>"; };
		F4E218311CE8FF810025F361 /* UIScrollView+TPKeyboardAvoidingAdditions.h */ = {isa = PBXFileReference; fileEncoding = 4; lastKnownFileType = sourcecode.c.h; name = "UIScrollView+TPKeyboardAvoidingAdditions.h"; path = "Lib/TPKeyboardAvoiding/UIScrollView+TPKeyboardAvoidingAdditions.h"; sourceTree = "<group>"; };
		F4E218321CE8FF810025F361 /* UIScrollView+TPKeyboardAvoidingAdditions.m */ = {isa = PBXFileReference; fileEncoding = 4; lastKnownFileType = sourcecode.c.objc; name = "UIScrollView+TPKeyboardAvoidingAdditions.m"; path = "Lib/TPKeyboardAvoiding/UIScrollView+TPKeyboardAvoidingAdditions.m"; sourceTree = "<group>"; };
/* End PBXFileReference section */

/* Begin PBXFrameworksBuildPhase section */
		F45FB54D1CD266F7006510CF /* Frameworks */ = {
			isa = PBXFrameworksBuildPhase;
			buildActionMask = 2147483647;
			files = (
				F4E217DA1CE590B50025F361 /* QuartzCore.framework in Frameworks */,
			);
			runOnlyForDeploymentPostprocessing = 0;
		};
		F45FB5641CD266F7006510CF /* Frameworks */ = {
			isa = PBXFrameworksBuildPhase;
			buildActionMask = 2147483647;
			files = (
			);
			runOnlyForDeploymentPostprocessing = 0;
		};
		F45FB56F1CD266F7006510CF /* Frameworks */ = {
			isa = PBXFrameworksBuildPhase;
			buildActionMask = 2147483647;
			files = (
			);
			runOnlyForDeploymentPostprocessing = 0;
		};
/* End PBXFrameworksBuildPhase section */

/* Begin PBXGroup section */
		F40175061CD6203B00F27461 /* Fonts */ = {
			isa = PBXGroup;
			children = (
				F40175071CD620B700F27461 /* NotoSansCJKtc-Medium.otf */,
				F40175081CD620B700F27461 /* NotoSansCJKtc-Regular.otf */,
				F40175091CD620B700F27461 /* NotoSansCJKtc-Thin.otf */,
			);
			name = Fonts;
			sourceTree = "<group>";
		};
		F45FB5471CD266F7006510CF = {
			isa = PBXGroup;
			children = (
				F4E217D91CE590B50025F361 /* QuartzCore.framework */,
				F45FB5521CD266F7006510CF /* DailyList */,
				F45FB56A1CD266F7006510CF /* DailyListTests */,
				F45FB5751CD266F7006510CF /* DailyListUITests */,
				F45FB5511CD266F7006510CF /* Products */,
			);
			sourceTree = "<group>";
		};
		F45FB5511CD266F7006510CF /* Products */ = {
			isa = PBXGroup;
			children = (
				F45FB5501CD266F7006510CF /* DailyList.app */,
				F45FB5671CD266F7006510CF /* DailyListTests.xctest */,
				F45FB5721CD266F7006510CF /* DailyListUITests.xctest */,
			);
			name = Products;
			sourceTree = "<group>";
		};
		F45FB5521CD266F7006510CF /* DailyList */ = {
			isa = PBXGroup;
			children = (
				F45FB5881CD26739006510CF /* Images */,
				F45FB5871CD26716006510CF /* Extension */,
				F45FB5851CD26709006510CF /* Model */,
				F45FB5841CD26700006510CF /* View */,
				F45FB5861CD2670F006510CF /* Controller */,
				F45FB5941CD2678C006510CF /* Utilities */,
				F45FB5931CD26785006510CF /* Lib */,
				F45FB5C01CD26835006510CF /* Resource */,
			);
			path = DailyList;
			sourceTree = "<group>";
		};
		F45FB56A1CD266F7006510CF /* DailyListTests */ = {
			isa = PBXGroup;
			children = (
				F45FB56B1CD266F7006510CF /* DailyListTests.swift */,
				F45FB56D1CD266F7006510CF /* Info.plist */,
			);
			path = DailyListTests;
			sourceTree = "<group>";
		};
		F45FB5751CD266F7006510CF /* DailyListUITests */ = {
			isa = PBXGroup;
			children = (
				F45FB5761CD266F7006510CF /* DailyListUITests.swift */,
				F45FB5781CD266F7006510CF /* Info.plist */,
			);
			path = DailyListUITests;
			sourceTree = "<group>";
		};
		F45FB5841CD26700006510CF /* View */ = {
			isa = PBXGroup;
			children = (
				F45FB5571CD266F7006510CF /* Main.storyboard */,
				F4E217D51CE587A50025F361 /* Home */,
			);
			name = View;
			sourceTree = "<group>";
		};
		F45FB5851CD26709006510CF /* Model */ = {
			isa = PBXGroup;
			children = (
				F4EE94B11CD87B5700105A70 /* CoreData */,
				F4DEC7C21CF2C7B800828D06 /* CurrentDate.swift */,
			);
			name = Model;
			sourceTree = "<group>";
		};
		F45FB5861CD2670F006510CF /* Controller */ = {
			isa = PBXGroup;
			children = (
				F45FB5551CD266F7006510CF /* HomeVC.swift */,
				F40175041CD618A500F27461 /* AddTaskVC.swift */,
			);
			name = Controller;
			sourceTree = "<group>";
		};
		F45FB5871CD26716006510CF /* Extension */ = {
			isa = PBXGroup;
			children = (
				F45FB58D1CD2675E006510CF /* UIColor+hex.swift */,
				F45FB58E1CD2675E006510CF /* UIView+RoundingCorners.swift */,
				F40175011CD506C800F27461 /* UIView+ShadowView.swift */,
				F44CCCBB1D07B7B6003167D4 /* UIViewController+Alert.swift */,
			);
			name = Extension;
			sourceTree = "<group>";
		};
		F45FB5881CD26739006510CF /* Images */ = {
			isa = PBXGroup;
			children = (
				F4E217DB1CE5B73F0025F361 /* empty_photo1.png */,
				F4E217DC1CE5B73F0025F361 /* empty_photo2.png */,
				F4E217DD1CE5B73F0025F361 /* empty_photo3.png */,
				F4E217DE1CE5B73F0025F361 /* empty_photo4.png */,
				F4E217DF1CE5B73F0025F361 /* empty_photo5.png */,
				F4E217E01CE5B73F0025F361 /* empty_photo6.png */,
				F4221A4E1CEADE73001735B9 /* cell_test_photo.png */,
			);
			name = Images;
			sourceTree = "<group>";
		};
		F45FB5931CD26785006510CF /* Lib */ = {
			isa = PBXGroup;
			children = (
				F4E218291CE8FF710025F361 /* TPKeyboardAvoiding */,
				F4E217ED1CE8F0C50025F361 /* Spring */,
				F45FB5991CD26808006510CF /* SwiftDate */,
			);
			name = Lib;
			sourceTree = "<group>";
		};
		F45FB5941CD2678C006510CF /* Utilities */ = {
			isa = PBXGroup;
			children = (
				F45FB5531CD266F7006510CF /* AppDelegate.swift */,
				F45FB5951CD267B0006510CF /* CustomColors.swift */,
				F45FB5961CD267B0006510CF /* DateCenter.swift */,
			);
			name = Utilities;
			sourceTree = "<group>";
		};
		F45FB5991CD26808006510CF /* SwiftDate */ = {
			isa = PBXGroup;
			children = (
				F45FB59A1CD2681B006510CF /* Additions.swift */,
				F45FB59B1CD2681B006510CF /* DateInRegion.swift */,
				F45FB59C1CD2681B006510CF /* DateInRegion+Comparisons.swift */,
				F45FB59D1CD2681B006510CF /* DateInRegion+Components.swift */,
				F45FB59E1CD2681B006510CF /* DateInRegion+Equations.swift */,
				F45FB59F1CD2681B006510CF /* DateInRegion+Formatter.swift */,
				F45FB5A01CD2681B006510CF /* DateInRegion+NSDatePort.swift */,
				F45FB5A11CD2681B006510CF /* DateInRegion+Operations.swift */,
				F45FB5A21CD2681B006510CF /* DateInRegion+StartEnd.swift */,
				F45FB5A31CD2681B006510CF /* Dictionary+SwiftDate.swift */,
				F45FB5A41CD2681B006510CF /* NSCalendar+SwiftDate.swift */,
				F45FB5A51CD2681B006510CF /* NSDate+SwiftDate.swift */,
				F45FB5A61CD2681B006510CF /* NSDateComponents+SwiftDate.swift */,
				F45FB5A71CD2681B006510CF /* NSDateFormatter+SwiftDate.swift */,
				F45FB5A81CD2681B006510CF /* NSDateInterval.swift */,
				F45FB5A91CD2681B006510CF /* NSLocale+SwiftDate.swift */,
				F45FB5AA1CD2681B006510CF /* NSTimeInterval+SwiftDate.swift */,
				F45FB5AB1CD2681B006510CF /* NSTimeZone+SwiftDate.swift */,
				F45FB5AC1CD2681B006510CF /* Region.swift */,
			);
			name = SwiftDate;
			sourceTree = "<group>";
		};
		F45FB5C01CD26835006510CF /* Resource */ = {
			isa = PBXGroup;
			children = (
				F45FB55A1CD266F7006510CF /* DailyList.xcdatamodeld */,
				F4E2182A1CE8FF800025F361 /* DailyList-Bridging-Header.h */,
				F40175061CD6203B00F27461 /* Fonts */,
				F45FB55F1CD266F7006510CF /* LaunchScreen.storyboard */,
				F45FB55D1CD266F7006510CF /* Assets.xcassets */,
				F45FB5621CD266F7006510CF /* Info.plist */,
			);
			name = Resource;
			sourceTree = "<group>";
		};
		F4E217D51CE587A50025F361 /* Home */ = {
			isa = PBXGroup;
			children = (
				F4E217D81CE587F90025F361 /* TableViewCell */,
				F4E217D71CE587E20025F361 /* CollectionViewCell */,
				F4E217D61CE587C50025F361 /* CollectionViewFlowLayout */,
			);
			name = Home;
			sourceTree = "<group>";
		};
		F4E217D61CE587C50025F361 /* CollectionViewFlowLayout */ = {
			isa = PBXGroup;
			children = (
				F45FB5911CD26765006510CF /* LGHorizontalLinearFlowLayout.swift */,
				F4E217D31CE587160025F361 /* CircleDateFlowLayout.swift */,
			);
			name = CollectionViewFlowLayout;
			sourceTree = "<group>";
		};
		F4E217D71CE587E20025F361 /* CollectionViewCell */ = {
			isa = PBXGroup;
			children = (
				F45FB5C41CD26866006510CF /* HomeCollectionViewCell.swift */,
				F45FB5C51CD26866006510CF /* HomeCollectionViewCell.xib */,
				F4E217D11CE4F1D80025F361 /* CircleDateCollectionCell.swift */,
				F4E217CF1CE4F1B50025F361 /* CircleDateCollectionCell.xib */,
			);
			name = CollectionViewCell;
			sourceTree = "<group>";
		};
		F4E217D81CE587F90025F361 /* TableViewCell */ = {
			isa = PBXGroup;
			children = (
				F401750D1CD62DF700F27461 /* TaskTableViewCell.swift */,
				F401750E1CD62DF700F27461 /* TaskTableViewCell.xib */,
			);
			name = TableViewCell;
			sourceTree = "<group>";
		};
		F4E217ED1CE8F0C50025F361 /* Spring */ = {
			isa = PBXGroup;
			children = (
				F4E217EE1CE8F0DF0025F361 /* AsyncButton.swift */,
				F4E217EF1CE8F0DF0025F361 /* AsyncImageView.swift */,
				F4E217F01CE8F0DF0025F361 /* AutoTextView.swift */,
				F4E217F11CE8F0DF0025F361 /* BlurView.swift */,
				F4E217F21CE8F0DF0025F361 /* DesignableButton.swift */,
				F4E217F31CE8F0DF0025F361 /* DesignableImageView.swift */,
				F4E217F41CE8F0DF0025F361 /* DesignableLabel.swift */,
				F4E217F51CE8F0DF0025F361 /* DesignableTabBarController.swift */,
				F4E217F61CE8F0DF0025F361 /* DesignableTextField.swift */,
				F4E217F71CE8F0DF0025F361 /* DesignableTextView.swift */,
				F4E217F81CE8F0DF0025F361 /* DesignableView.swift */,
				F4E217F91CE8F0DF0025F361 /* ImageLoader.swift */,
				F4E217FA1CE8F0DF0025F361 /* Info.plist */,
				F4E217FB1CE8F0DF0025F361 /* KeyboardLayoutConstraint.swift */,
				F4E217FC1CE8F0DF0025F361 /* LoadingView.swift */,
				F4E217FD1CE8F0DF0025F361 /* LoadingView.xib */,
				F4E217FE1CE8F0DF0025F361 /* Misc.swift */,
				F4E217FF1CE8F0DF0025F361 /* SoundPlayer.swift */,
				F4E218001CE8F0DF0025F361 /* Spring.h */,
				F4E218011CE8F0DF0025F361 /* Spring.swift */,
				F4E218021CE8F0DF0025F361 /* SpringAnimation.swift */,
				F4E218031CE8F0DF0025F361 /* SpringButton.swift */,
				F4E218041CE8F0DF0025F361 /* SpringImageView.swift */,
				F4E218051CE8F0DF0025F361 /* SpringLabel.swift */,
				F4E218061CE8F0DF0025F361 /* SpringTextField.swift */,
				F4E218071CE8F0DF0025F361 /* SpringTextView.swift */,
				F4E218081CE8F0DF0025F361 /* SpringView.swift */,
				F4E218091CE8F0DF0025F361 /* TransitionManager.swift */,
				F4E2180A1CE8F0DF0025F361 /* TransitionZoom.swift */,
				F4E2180B1CE8F0DF0025F361 /* UnwindSegue.swift */,
			);
			name = Spring;
			sourceTree = "<group>";
		};
		F4E218291CE8FF710025F361 /* TPKeyboardAvoiding */ = {
			isa = PBXGroup;
			children = (
				F4E2182B1CE8FF810025F361 /* TPKeyboardAvoidingCollectionView.h */,
				F4E2182C1CE8FF810025F361 /* TPKeyboardAvoidingCollectionView.m */,
				F4E2182D1CE8FF810025F361 /* TPKeyboardAvoidingScrollView.h */,
				F4E2182E1CE8FF810025F361 /* TPKeyboardAvoidingScrollView.m */,
				F4E2182F1CE8FF810025F361 /* TPKeyboardAvoidingTableView.h */,
				F4E218301CE8FF810025F361 /* TPKeyboardAvoidingTableView.m */,
				F4E218311CE8FF810025F361 /* UIScrollView+TPKeyboardAvoidingAdditions.h */,
				F4E218321CE8FF810025F361 /* UIScrollView+TPKeyboardAvoidingAdditions.m */,
			);
			name = TPKeyboardAvoiding;
			sourceTree = "<group>";
		};
		F4EE94B11CD87B5700105A70 /* CoreData */ = {
			isa = PBXGroup;
			children = (
				F4DEC7B11CF0BB6B00828D06 /* PageItem.swift */,
				F448E86B1CF3851200B2B993 /* Page.swift */,
				F4EE94B21CD87B6600105A70 /* Generated */,
			);
			name = CoreData;
			sourceTree = "<group>";
		};
		F4EE94B21CD87B6600105A70 /* Generated */ = {
			isa = PBXGroup;
			children = (
				F4DEC7B01CF0BB6B00828D06 /* PageItem+CoreDataProperties.swift */,
				F448E86A1CF3851200B2B993 /* Page+CoreDataProperties.swift */,
			);
			name = Generated;
			sourceTree = "<group>";
		};
/* End PBXGroup section */

/* Begin PBXNativeTarget section */
		F45FB54F1CD266F7006510CF /* DailyList */ = {
			isa = PBXNativeTarget;
			buildConfigurationList = F45FB57B1CD266F7006510CF /* Build configuration list for PBXNativeTarget "DailyList" */;
			buildPhases = (
				F45FB54C1CD266F7006510CF /* Sources */,
				F45FB54D1CD266F7006510CF /* Frameworks */,
				F45FB54E1CD266F7006510CF /* Resources */,
			);
			buildRules = (
			);
			dependencies = (
			);
			name = DailyList;
			productName = DailyList;
			productReference = F45FB5501CD266F7006510CF /* DailyList.app */;
			productType = "com.apple.product-type.application";
		};
		F45FB5661CD266F7006510CF /* DailyListTests */ = {
			isa = PBXNativeTarget;
			buildConfigurationList = F45FB57E1CD266F7006510CF /* Build configuration list for PBXNativeTarget "DailyListTests" */;
			buildPhases = (
				F45FB5631CD266F7006510CF /* Sources */,
				F45FB5641CD266F7006510CF /* Frameworks */,
				F45FB5651CD266F7006510CF /* Resources */,
			);
			buildRules = (
			);
			dependencies = (
				F45FB5691CD266F7006510CF /* PBXTargetDependency */,
			);
			name = DailyListTests;
			productName = DailyListTests;
			productReference = F45FB5671CD266F7006510CF /* DailyListTests.xctest */;
			productType = "com.apple.product-type.bundle.unit-test";
		};
		F45FB5711CD266F7006510CF /* DailyListUITests */ = {
			isa = PBXNativeTarget;
			buildConfigurationList = F45FB5811CD266F7006510CF /* Build configuration list for PBXNativeTarget "DailyListUITests" */;
			buildPhases = (
				F45FB56E1CD266F7006510CF /* Sources */,
				F45FB56F1CD266F7006510CF /* Frameworks */,
				F45FB5701CD266F7006510CF /* Resources */,
			);
			buildRules = (
			);
			dependencies = (
				F45FB5741CD266F7006510CF /* PBXTargetDependency */,
			);
			name = DailyListUITests;
			productName = DailyListUITests;
			productReference = F45FB5721CD266F7006510CF /* DailyListUITests.xctest */;
			productType = "com.apple.product-type.bundle.ui-testing";
		};
/* End PBXNativeTarget section */

/* Begin PBXProject section */
		F45FB5481CD266F7006510CF /* Project object */ = {
			isa = PBXProject;
			attributes = {
				LastSwiftUpdateCheck = 0730;
				LastUpgradeCheck = 0730;
				ORGANIZATIONNAME = JesseLin;
				TargetAttributes = {
					F45FB54F1CD266F7006510CF = {
						CreatedOnToolsVersion = 7.3;
						DevelopmentTeam = X69W8ZBR5M;
					};
					F45FB5661CD266F7006510CF = {
						CreatedOnToolsVersion = 7.3;
						TestTargetID = F45FB54F1CD266F7006510CF;
					};
					F45FB5711CD266F7006510CF = {
						CreatedOnToolsVersion = 7.3;
						TestTargetID = F45FB54F1CD266F7006510CF;
					};
				};
			};
			buildConfigurationList = F45FB54B1CD266F7006510CF /* Build configuration list for PBXProject "DailyList" */;
			compatibilityVersion = "Xcode 3.2";
			developmentRegion = English;
			hasScannedForEncodings = 0;
			knownRegions = (
				en,
				Base,
			);
			mainGroup = F45FB5471CD266F7006510CF;
			productRefGroup = F45FB5511CD266F7006510CF /* Products */;
			projectDirPath = "";
			projectRoot = "";
			targets = (
				F45FB54F1CD266F7006510CF /* DailyList */,
				F45FB5661CD266F7006510CF /* DailyListTests */,
				F45FB5711CD266F7006510CF /* DailyListUITests */,
			);
		};
/* End PBXProject section */

/* Begin PBXResourcesBuildPhase section */
		F45FB54E1CD266F7006510CF /* Resources */ = {
			isa = PBXResourcesBuildPhase;
			buildActionMask = 2147483647;
			files = (
				F4E218181CE8F0DF0025F361 /* Info.plist in Resources */,
				F45FB5611CD266F7006510CF /* LaunchScreen.storyboard in Resources */,
				F4221A4F1CEADE73001735B9 /* cell_test_photo.png in Resources */,
				F45FB5C71CD26866006510CF /* HomeCollectionViewCell.xib in Resources */,
				F45FB55E1CD266F7006510CF /* Assets.xcassets in Resources */,
				F4E217E41CE5B73F0025F361 /* empty_photo4.png in Resources */,
				F4E217E51CE5B73F0025F361 /* empty_photo5.png in Resources */,
				F401750B1CD620B700F27461 /* NotoSansCJKtc-Regular.otf in Resources */,
				F4E217E61CE5B73F0025F361 /* empty_photo6.png in Resources */,
				F40175101CD62DF700F27461 /* TaskTableViewCell.xib in Resources */,
				F45FB5591CD266F7006510CF /* Main.storyboard in Resources */,
				F4E217E31CE5B73F0025F361 /* empty_photo3.png in Resources */,
				F4E2181B1CE8F0DF0025F361 /* LoadingView.xib in Resources */,
				F4E217E11CE5B73F0025F361 /* empty_photo1.png in Resources */,
				F401750A1CD620B700F27461 /* NotoSansCJKtc-Medium.otf in Resources */,
				F4E217D01CE4F1B50025F361 /* CircleDateCollectionCell.xib in Resources */,
				F4E217E21CE5B73F0025F361 /* empty_photo2.png in Resources */,
				F401750C1CD620B700F27461 /* NotoSansCJKtc-Thin.otf in Resources */,
			);
			runOnlyForDeploymentPostprocessing = 0;
		};
		F45FB5651CD266F7006510CF /* Resources */ = {
			isa = PBXResourcesBuildPhase;
			buildActionMask = 2147483647;
			files = (
			);
			runOnlyForDeploymentPostprocessing = 0;
		};
		F45FB5701CD266F7006510CF /* Resources */ = {
			isa = PBXResourcesBuildPhase;
			buildActionMask = 2147483647;
			files = (
			);
			runOnlyForDeploymentPostprocessing = 0;
		};
/* End PBXResourcesBuildPhase section */

/* Begin PBXSourcesBuildPhase section */
		F45FB54C1CD266F7006510CF /* Sources */ = {
			isa = PBXSourcesBuildPhase;
			buildActionMask = 2147483647;
			files = (
				F45FB5BF1CD2681B006510CF /* Region.swift in Sources */,
				F45FB5BB1CD2681B006510CF /* NSDateInterval.swift in Sources */,
				F45FB5B41CD2681B006510CF /* DateInRegion+Operations.swift in Sources */,
				F4E218141CE8F0DF0025F361 /* DesignableTextField.swift in Sources */,
				F45FB5AF1CD2681B006510CF /* DateInRegion+Comparisons.swift in Sources */,
				F4E2181C1CE8F0DF0025F361 /* Misc.swift in Sources */,
				F4E218111CE8F0DF0025F361 /* DesignableImageView.swift in Sources */,
				F4E218221CE8F0DF0025F361 /* SpringLabel.swift in Sources */,
				F4E2181F1CE8F0DF0025F361 /* SpringAnimation.swift in Sources */,
				F40175021CD506C800F27461 /* UIView+ShadowView.swift in Sources */,
				F45FB5BD1CD2681B006510CF /* NSTimeInterval+SwiftDate.swift in Sources */,
				F4E218161CE8F0DF0025F361 /* DesignableView.swift in Sources */,
				F45FB5B81CD2681B006510CF /* NSDate+SwiftDate.swift in Sources */,
				F45FB5B51CD2681B006510CF /* DateInRegion+StartEnd.swift in Sources */,
				F45FB5C61CD26866006510CF /* HomeCollectionViewCell.swift in Sources */,
				F4E218121CE8F0DF0025F361 /* DesignableLabel.swift in Sources */,
				F45FB5B31CD2681B006510CF /* DateInRegion+NSDatePort.swift in Sources */,
				F40175051CD618A500F27461 /* AddTaskVC.swift in Sources */,
				F4E2180F1CE8F0DF0025F361 /* BlurView.swift in Sources */,
				F45FB5AE1CD2681B006510CF /* DateInRegion.swift in Sources */,
				F45FB5B61CD2681B006510CF /* Dictionary+SwiftDate.swift in Sources */,
				F4E218211CE8F0DF0025F361 /* SpringImageView.swift in Sources */,
				F4E218131CE8F0DF0025F361 /* DesignableTabBarController.swift in Sources */,
				F401750F1CD62DF700F27461 /* TaskTableViewCell.swift in Sources */,
				F4E2180E1CE8F0DF0025F361 /* AutoTextView.swift in Sources */,
				F4E218171CE8F0DF0025F361 /* ImageLoader.swift in Sources */,
				F4E218281CE8F0DF0025F361 /* UnwindSegue.swift in Sources */,
				F4E218341CE8FF810025F361 /* TPKeyboardAvoidingScrollView.m in Sources */,
				F448E86C1CF3851200B2B993 /* Page+CoreDataProperties.swift in Sources */,
				F45FB5561CD266F7006510CF /* HomeVC.swift in Sources */,
				F4E218271CE8F0DF0025F361 /* TransitionZoom.swift in Sources */,
				F45FB58F1CD2675E006510CF /* UIColor+hex.swift in Sources */,
				F4E218201CE8F0DF0025F361 /* SpringButton.swift in Sources */,
				F4E2181D1CE8F0DF0025F361 /* SoundPlayer.swift in Sources */,
				F4E218361CE8FF810025F361 /* UIScrollView+TPKeyboardAvoidingAdditions.m in Sources */,
				F4E218231CE8F0DF0025F361 /* SpringTextField.swift in Sources */,
				F45FB5BC1CD2681B006510CF /* NSLocale+SwiftDate.swift in Sources */,
				F4E218101CE8F0DF0025F361 /* DesignableButton.swift in Sources */,
				F45FB5B11CD2681B006510CF /* DateInRegion+Equations.swift in Sources */,
				F4E218261CE8F0DF0025F361 /* TransitionManager.swift in Sources */,
				F45FB5981CD267B0006510CF /* DateCenter.swift in Sources */,
				F4DEC7B51CF0BB6B00828D06 /* PageItem.swift in Sources */,
				F4E217D41CE587160025F361 /* CircleDateFlowLayout.swift in Sources */,
				F45FB5971CD267B0006510CF /* CustomColors.swift in Sources */,
				F45FB5B21CD2681B006510CF /* DateInRegion+Formatter.swift in Sources */,
				F4E218241CE8F0DF0025F361 /* SpringTextView.swift in Sources */,
				F4DEC7C31CF2C7B800828D06 /* CurrentDate.swift in Sources */,
				F4E2180D1CE8F0DF0025F361 /* AsyncImageView.swift in Sources */,
				F4E218351CE8FF810025F361 /* TPKeyboardAvoidingTableView.m in Sources */,
				F4E217D21CE4F1D80025F361 /* CircleDateCollectionCell.swift in Sources */,
				F45FB5B01CD2681B006510CF /* DateInRegion+Components.swift in Sources */,
				F4E2181A1CE8F0DF0025F361 /* LoadingView.swift in Sources */,
				F4E218331CE8FF810025F361 /* TPKeyboardAvoidingCollectionView.m in Sources */,
				F45FB5B91CD2681B006510CF /* NSDateComponents+SwiftDate.swift in Sources */,
				F45FB55C1CD266F7006510CF /* DailyList.xcdatamodeld in Sources */,
				F44CCCBC1D07B7B6003167D4 /* UIViewController+Alert.swift in Sources */,
				F4E218151CE8F0DF0025F361 /* DesignableTextView.swift in Sources */,
				F4E2181E1CE8F0DF0025F361 /* Spring.swift in Sources */,
				F45FB5541CD266F7006510CF /* AppDelegate.swift in Sources */,
				F45FB5AD1CD2681B006510CF /* Additions.swift in Sources */,
				F4E218191CE8F0DF0025F361 /* KeyboardLayoutConstraint.swift in Sources */,
				F45FB5901CD2675E006510CF /* UIView+RoundingCorners.swift in Sources */,
				F4DEC7B41CF0BB6B00828D06 /* PageItem+CoreDataProperties.swift in Sources */,
				F4E218251CE8F0DF0025F361 /* SpringView.swift in Sources */,
				F45FB5B71CD2681B006510CF /* NSCalendar+SwiftDate.swift in Sources */,
				F45FB5921CD26765006510CF /* LGHorizontalLinearFlowLayout.swift in Sources */,
				F448E86D1CF3851200B2B993 /* Page.swift in Sources */,
				F45FB5BA1CD2681B006510CF /* NSDateFormatter+SwiftDate.swift in Sources */,
				F4E2180C1CE8F0DF0025F361 /* AsyncButton.swift in Sources */,
				F45FB5BE1CD2681B006510CF /* NSTimeZone+SwiftDate.swift in Sources */,
			);
			runOnlyForDeploymentPostprocessing = 0;
		};
		F45FB5631CD266F7006510CF /* Sources */ = {
			isa = PBXSourcesBuildPhase;
			buildActionMask = 2147483647;
			files = (
				F45FB56C1CD266F7006510CF /* DailyListTests.swift in Sources */,
			);
			runOnlyForDeploymentPostprocessing = 0;
		};
		F45FB56E1CD266F7006510CF /* Sources */ = {
			isa = PBXSourcesBuildPhase;
			buildActionMask = 2147483647;
			files = (
				F45FB5771CD266F7006510CF /* DailyListUITests.swift in Sources */,
			);
			runOnlyForDeploymentPostprocessing = 0;
		};
/* End PBXSourcesBuildPhase section */

/* Begin PBXTargetDependency section */
		F45FB5691CD266F7006510CF /* PBXTargetDependency */ = {
			isa = PBXTargetDependency;
			target = F45FB54F1CD266F7006510CF /* DailyList */;
			targetProxy = F45FB5681CD266F7006510CF /* PBXContainerItemProxy */;
		};
		F45FB5741CD266F7006510CF /* PBXTargetDependency */ = {
			isa = PBXTargetDependency;
			target = F45FB54F1CD266F7006510CF /* DailyList */;
			targetProxy = F45FB5731CD266F7006510CF /* PBXContainerItemProxy */;
		};
/* End PBXTargetDependency section */

/* Begin PBXVariantGroup section */
		F45FB5571CD266F7006510CF /* Main.storyboard */ = {
			isa = PBXVariantGroup;
			children = (
				F45FB5581CD266F7006510CF /* Base */,
			);
			name = Main.storyboard;
			sourceTree = "<group>";
		};
		F45FB55F1CD266F7006510CF /* LaunchScreen.storyboard */ = {
			isa = PBXVariantGroup;
			children = (
				F45FB5601CD266F7006510CF /* Base */,
			);
			name = LaunchScreen.storyboard;
			sourceTree = "<group>";
		};
/* End PBXVariantGroup section */

/* Begin XCBuildConfiguration section */
		F45FB5791CD266F7006510CF /* Debug */ = {
			isa = XCBuildConfiguration;
			buildSettings = {
				ALWAYS_SEARCH_USER_PATHS = NO;
				CLANG_ANALYZER_NONNULL = YES;
				CLANG_CXX_LANGUAGE_STANDARD = "gnu++0x";
				CLANG_CXX_LIBRARY = "libc++";
				CLANG_ENABLE_MODULES = YES;
				CLANG_ENABLE_OBJC_ARC = YES;
				CLANG_WARN_BOOL_CONVERSION = YES;
				CLANG_WARN_CONSTANT_CONVERSION = YES;
				CLANG_WARN_DIRECT_OBJC_ISA_USAGE = YES_ERROR;
				CLANG_WARN_EMPTY_BODY = YES;
				CLANG_WARN_ENUM_CONVERSION = YES;
				CLANG_WARN_INT_CONVERSION = YES;
				CLANG_WARN_OBJC_ROOT_CLASS = YES_ERROR;
				CLANG_WARN_UNREACHABLE_CODE = YES;
				CLANG_WARN__DUPLICATE_METHOD_MATCH = YES;
				"CODE_SIGN_IDENTITY[sdk=iphoneos*]" = "iPhone Developer";
				COPY_PHASE_STRIP = NO;
				DEBUG_INFORMATION_FORMAT = dwarf;
				ENABLE_STRICT_OBJC_MSGSEND = YES;
				ENABLE_TESTABILITY = YES;
				GCC_C_LANGUAGE_STANDARD = gnu99;
				GCC_DYNAMIC_NO_PIC = NO;
				GCC_NO_COMMON_BLOCKS = YES;
				GCC_OPTIMIZATION_LEVEL = 0;
				GCC_PREPROCESSOR_DEFINITIONS = (
					"DEBUG=1",
					"$(inherited)",
				);
				GCC_WARN_64_TO_32_BIT_CONVERSION = YES;
				GCC_WARN_ABOUT_RETURN_TYPE = YES_ERROR;
				GCC_WARN_UNDECLARED_SELECTOR = YES;
				GCC_WARN_UNINITIALIZED_AUTOS = YES_AGGRESSIVE;
				GCC_WARN_UNUSED_FUNCTION = YES;
				GCC_WARN_UNUSED_VARIABLE = YES;
				IPHONEOS_DEPLOYMENT_TARGET = 9.3;
				MTL_ENABLE_DEBUG_INFO = YES;
				ONLY_ACTIVE_ARCH = YES;
				SDKROOT = iphoneos;
				SWIFT_OPTIMIZATION_LEVEL = "-Onone";
				TARGETED_DEVICE_FAMILY = "1,2";
			};
			name = Debug;
		};
		F45FB57A1CD266F7006510CF /* Release */ = {
			isa = XCBuildConfiguration;
			buildSettings = {
				ALWAYS_SEARCH_USER_PATHS = NO;
				CLANG_ANALYZER_NONNULL = YES;
				CLANG_CXX_LANGUAGE_STANDARD = "gnu++0x";
				CLANG_CXX_LIBRARY = "libc++";
				CLANG_ENABLE_MODULES = YES;
				CLANG_ENABLE_OBJC_ARC = YES;
				CLANG_WARN_BOOL_CONVERSION = YES;
				CLANG_WARN_CONSTANT_CONVERSION = YES;
				CLANG_WARN_DIRECT_OBJC_ISA_USAGE = YES_ERROR;
				CLANG_WARN_EMPTY_BODY = YES;
				CLANG_WARN_ENUM_CONVERSION = YES;
				CLANG_WARN_INT_CONVERSION = YES;
				CLANG_WARN_OBJC_ROOT_CLASS = YES_ERROR;
				CLANG_WARN_UNREACHABLE_CODE = YES;
				CLANG_WARN__DUPLICATE_METHOD_MATCH = YES;
				"CODE_SIGN_IDENTITY[sdk=iphoneos*]" = "iPhone Developer";
				COPY_PHASE_STRIP = NO;
				DEBUG_INFORMATION_FORMAT = "dwarf-with-dsym";
				ENABLE_NS_ASSERTIONS = NO;
				ENABLE_STRICT_OBJC_MSGSEND = YES;
				GCC_C_LANGUAGE_STANDARD = gnu99;
				GCC_NO_COMMON_BLOCKS = YES;
				GCC_WARN_64_TO_32_BIT_CONVERSION = YES;
				GCC_WARN_ABOUT_RETURN_TYPE = YES_ERROR;
				GCC_WARN_UNDECLARED_SELECTOR = YES;
				GCC_WARN_UNINITIALIZED_AUTOS = YES_AGGRESSIVE;
				GCC_WARN_UNUSED_FUNCTION = YES;
				GCC_WARN_UNUSED_VARIABLE = YES;
				IPHONEOS_DEPLOYMENT_TARGET = 9.3;
				MTL_ENABLE_DEBUG_INFO = NO;
				SDKROOT = iphoneos;
				TARGETED_DEVICE_FAMILY = "1,2";
				VALIDATE_PRODUCT = YES;
			};
			name = Release;
		};
		F45FB57C1CD266F7006510CF /* Debug */ = {
			isa = XCBuildConfiguration;
			buildSettings = {
				ASSETCATALOG_COMPILER_APPICON_NAME = AppIcon;
				CLANG_ENABLE_MODULES = YES;
				CODE_SIGN_IDENTITY = "iPhone Developer";
				INFOPLIST_FILE = DailyList/Info.plist;
				IPHONEOS_DEPLOYMENT_TARGET = 9.0;
				LD_RUNPATH_SEARCH_PATHS = "$(inherited) @executable_path/Frameworks";
				PRODUCT_BUNDLE_IDENTIFIER = com.JesseLin.DailyMind;
				PRODUCT_NAME = "$(TARGET_NAME)";
				SWIFT_OBJC_BRIDGING_HEADER = "DailyList/DailyList-Bridging-Header.h";
				SWIFT_OPTIMIZATION_LEVEL = "-Onone";
				TARGETED_DEVICE_FAMILY = 1;
			};
			name = Debug;
		};
		F45FB57D1CD266F7006510CF /* Release */ = {
			isa = XCBuildConfiguration;
			buildSettings = {
				ASSETCATALOG_COMPILER_APPICON_NAME = AppIcon;
				CLANG_ENABLE_MODULES = YES;
				CODE_SIGN_IDENTITY = "iPhone Developer";
				INFOPLIST_FILE = DailyList/Info.plist;
				IPHONEOS_DEPLOYMENT_TARGET = 9.0;
				LD_RUNPATH_SEARCH_PATHS = "$(inherited) @executable_path/Frameworks";
				PRODUCT_BUNDLE_IDENTIFIER = com.JesseLin.DailyMind;
				PRODUCT_NAME = "$(TARGET_NAME)";
				SWIFT_OBJC_BRIDGING_HEADER = "DailyList/DailyList-Bridging-Header.h";
				TARGETED_DEVICE_FAMILY = 1;
			};
			name = Release;
		};
		F45FB57F1CD266F7006510CF /* Debug */ = {
			isa = XCBuildConfiguration;
			buildSettings = {
				BUNDLE_LOADER = "$(TEST_HOST)";
				INFOPLIST_FILE = DailyListTests/Info.plist;
				LD_RUNPATH_SEARCH_PATHS = "$(inherited) @executable_path/Frameworks @loader_path/Frameworks";
				PRODUCT_BUNDLE_IDENTIFIER = com.JesseLin.DailyList.DailyListTests;
				PRODUCT_NAME = "$(TARGET_NAME)";
				TEST_HOST = "$(BUILT_PRODUCTS_DIR)/DailyList.app/DailyList";
			};
			name = Debug;
		};
		F45FB5801CD266F7006510CF /* Release */ = {
			isa = XCBuildConfiguration;
			buildSettings = {
				BUNDLE_LOADER = "$(TEST_HOST)";
				INFOPLIST_FILE = DailyListTests/Info.plist;
				LD_RUNPATH_SEARCH_PATHS = "$(inherited) @executable_path/Frameworks @loader_path/Frameworks";
				PRODUCT_BUNDLE_IDENTIFIER = com.JesseLin.DailyList.DailyListTests;
				PRODUCT_NAME = "$(TARGET_NAME)";
				TEST_HOST = "$(BUILT_PRODUCTS_DIR)/DailyList.app/DailyList";
			};
			name = Release;
		};
		F45FB5821CD266F7006510CF /* Debug */ = {
			isa = XCBuildConfiguration;
			buildSettings = {
				INFOPLIST_FILE = DailyListUITests/Info.plist;
				LD_RUNPATH_SEARCH_PATHS = "$(inherited) @executable_path/Frameworks @loader_path/Frameworks";
				PRODUCT_BUNDLE_IDENTIFIER = com.JesseLin.DailyList.DailyListUITests;
				PRODUCT_NAME = "$(TARGET_NAME)";
				TEST_TARGET_NAME = DailyList;
			};
			name = Debug;
		};
		F45FB5831CD266F7006510CF /* Release */ = {
			isa = XCBuildConfiguration;
			buildSettings = {
				INFOPLIST_FILE = DailyListUITests/Info.plist;
				LD_RUNPATH_SEARCH_PATHS = "$(inherited) @executable_path/Frameworks @loader_path/Frameworks";
				PRODUCT_BUNDLE_IDENTIFIER = com.JesseLin.DailyList.DailyListUITests;
				PRODUCT_NAME = "$(TARGET_NAME)";
				TEST_TARGET_NAME = DailyList;
			};
			name = Release;
		};
/* End XCBuildConfiguration section */

/* Begin XCConfigurationList section */
		F45FB54B1CD266F7006510CF /* Build configuration list for PBXProject "DailyList" */ = {
			isa = XCConfigurationList;
			buildConfigurations = (
				F45FB5791CD266F7006510CF /* Debug */,
				F45FB57A1CD266F7006510CF /* Release */,
			);
			defaultConfigurationIsVisible = 0;
			defaultConfigurationName = Release;
		};
		F45FB57B1CD266F7006510CF /* Build configuration list for PBXNativeTarget "DailyList" */ = {
			isa = XCConfigurationList;
			buildConfigurations = (
				F45FB57C1CD266F7006510CF /* Debug */,
				F45FB57D1CD266F7006510CF /* Release */,
			);
			defaultConfigurationIsVisible = 0;
			defaultConfigurationName = Release;
		};
		F45FB57E1CD266F7006510CF /* Build configuration list for PBXNativeTarget "DailyListTests" */ = {
			isa = XCConfigurationList;
			buildConfigurations = (
				F45FB57F1CD266F7006510CF /* Debug */,
				F45FB5801CD266F7006510CF /* Release */,
			);
			defaultConfigurationIsVisible = 0;
			defaultConfigurationName = Release;
		};
		F45FB5811CD266F7006510CF /* Build configuration list for PBXNativeTarget "DailyListUITests" */ = {
			isa = XCConfigurationList;
			buildConfigurations = (
				F45FB5821CD266F7006510CF /* Debug */,
				F45FB5831CD266F7006510CF /* Release */,
			);
			defaultConfigurationIsVisible = 0;
			defaultConfigurationName = Release;
		};
/* End XCConfigurationList section */

/* Begin XCVersionGroup section */
		F45FB55A1CD266F7006510CF /* DailyList.xcdatamodeld */ = {
			isa = XCVersionGroup;
			children = (
				F45FB55B1CD266F7006510CF /* DailyList.xcdatamodel */,
			);
			currentVersion = F45FB55B1CD266F7006510CF /* DailyList.xcdatamodel */;
			path = DailyList.xcdatamodeld;
			sourceTree = "<group>";
			versionGroupType = wrapper.xcdatamodel;
		};
/* End XCVersionGroup section */
	};
	rootObject = F45FB5481CD266F7006510CF /* Project object */;
}
